// !$*UTF8*$!
{
	archiveVersion = 1;
	classes = {
	};
	objectVersion = 77;
	objects = {

/* Begin PBXBuildFile section */
		01D530B7370C1CB5CFA657BE /* TVBoxApp.swift in Sources */ = {isa = PBXBuildFile; fileRef = 8A2BB58B1720E9D6D85F93F4 /* TVBoxApp.swift */; };
		089C2D01F3B95CB1738D9AD9 /* PlaybackView.swift in Sources */ = {isa = PBXBuildFile; fileRef = 6876ACF1E9D9F80BBC4F22C4 /* PlaybackView.swift */; };
		1050D617A22F09CD0A01DE66 /* GlassKit.swift in Sources */ = {isa = PBXBuildFile; fileRef = 739A64FB51780D4314D2DDF8 /* GlassKit.swift */; };
		13AB1C878E7990BF8FB16849 /* HLSProxy.swift in Sources */ = {isa = PBXBuildFile; fileRef = B44CBA0E5BBD1D129D5D64E3 /* HLSProxy.swift */; };
		14E05DC952FB2705E645EAE6 /* HomeView.swift in Sources */ = {isa = PBXBuildFile; fileRef = 9B7E929CDDC1F085C6B55693 /* HomeView.swift */; };
		15E3F2F86594F2B8A9CF0175 /* DiscoveryView.swift in Sources */ = {isa = PBXBuildFile; fileRef = 181C983C0018A97F2A086298 /* DiscoveryView.swift */; };
		17CDC06DD8AD8CE47973B982 /* TVBoxApp.swift in Sources */ = {isa = PBXBuildFile; fileRef = 8A2BB58B1720E9D6D85F93F4 /* TVBoxApp.swift */; };
		1B6DFFAF679C5BAD70F09875 /* HomeView.swift in Sources */ = {isa = PBXBuildFile; fileRef = 9B7E929CDDC1F085C6B55693 /* HomeView.swift */; };
		1E4B0163BABCB43BA85836D6 /* TVCore in Frameworks */ = {isa = PBXBuildFile; productRef = 758A0D5359D0622060D86C20 /* TVCore */; };
		1FAC6965CB4F8B33135C85C5 /* Store.swift in Sources */ = {isa = PBXBuildFile; fileRef = 2D1010816125FBC3792AF838 /* Store.swift */; };
		26A1C218652FCEEE9FC60E0F /* SettingsView.swift in Sources */ = {isa = PBXBuildFile; fileRef = B442C75C212445F3786397ED /* SettingsView.swift */; };
		308A38681AA7812EF6DC4DFE /* InfoPlist.strings in Resources */ = {isa = PBXBuildFile; fileRef = 335A7E05458DD9DA9AA04125 /* InfoPlist.strings */; };
		338825790412D642115F2BD3 /* GlassKit.swift in Sources */ = {isa = PBXBuildFile; fileRef = 739A64FB51780D4314D2DDF8 /* GlassKit.swift */; };
		34349D95E4EC0176C10862E2 /* HLSProxy.swift in Sources */ = {isa = PBXBuildFile; fileRef = B44CBA0E5BBD1D129D5D64E3 /* HLSProxy.swift */; };
		34A7CB6F4A24249F52079A4D /* runtime-probe.jar in Resources */ = {isa = PBXBuildFile; fileRef = E19FE970E68D278C15E8DBF8 /* runtime-probe.jar */; };
		3BD1DFEF3A75B43935EB2185 /* RootView.swift in Sources */ = {isa = PBXBuildFile; fileRef = 9C911ACB6C027C8F9A096409 /* RootView.swift */; };
		3DB703B04E4659AB8623A1A7 /* SettingsView.swift in Sources */ = {isa = PBXBuildFile; fileRef = B442C75C212445F3786397ED /* SettingsView.swift */; };
		3E782ECA07220E19F2EBDB7C /* ThirdPartyNotices.txt in Resources */ = {isa = PBXBuildFile; fileRef = A3012FC04D8DAD058B1A5168 /* ThirdPartyNotices.txt */; };
		3F2E64D0FAA75B78026F115A /* RuntimeView.swift in Sources */ = {isa = PBXBuildFile; fileRef = 2075419FEF0E1C161A31A9F0 /* RuntimeView.swift */; };
		45ECD9E8EE6888748AC6D46E /* ThirdPartyNotices.txt in Resources */ = {isa = PBXBuildFile; fileRef = A3012FC04D8DAD058B1A5168 /* ThirdPartyNotices.txt */; };
		4C65106175D517040E98330B /* Store.swift in Sources */ = {isa = PBXBuildFile; fileRef = 2D1010816125FBC3792AF838 /* Store.swift */; };
		4ECE8586E27A017017F26EDC /* DiscoveryView.swift in Sources */ = {isa = PBXBuildFile; fileRef = 181C983C0018A97F2A086298 /* DiscoveryView.swift */; };
		53F697A2DD9E8D5443E43646 /* SitesView.swift in Sources */ = {isa = PBXBuildFile; fileRef = 75124CC2471CF95C1FFB168A /* SitesView.swift */; };
		58C0162322E0B17F1652E0AD /* ThirdPartyNotices.txt in Resources */ = {isa = PBXBuildFile; fileRef = A3012FC04D8DAD058B1A5168 /* ThirdPartyNotices.txt */; };
		59953BBDD74AED0A292F7079 /* CloudDriveView.swift in Sources */ = {isa = PBXBuildFile; fileRef = CEE19E104EAA6C4F620B8E53 /* CloudDriveView.swift */; };
		5F05B8FEB75498291DBE83CB /* TVCore in Frameworks */ = {isa = PBXBuildFile; productRef = 150E7485ED76FF29A84D7C1D /* TVCore */; };
		6012B7CF185E20A26CC68CD0 /* HomeView.swift in Sources */ = {isa = PBXBuildFile; fileRef = 9B7E929CDDC1F085C6B55693 /* HomeView.swift */; };
		6B01742A91D2CBC1E9895B76 /* InfoPlist.strings in Resources */ = {isa = PBXBuildFile; fileRef = 335A7E05458DD9DA9AA04125 /* InfoPlist.strings */; };
		6DBF1FDBD1FD2889D191197E /* PlaybackView.swift in Sources */ = {isa = PBXBuildFile; fileRef = 6876ACF1E9D9F80BBC4F22C4 /* PlaybackView.swift */; };
		6F3F7DE9D8CB73FC2C1592D9 /* DiscoveryView.swift in Sources */ = {isa = PBXBuildFile; fileRef = 181C983C0018A97F2A086298 /* DiscoveryView.swift */; };
		7FB9AB1705559DD6C22EEFAE /* LiveView.swift in Sources */ = {isa = PBXBuildFile; fileRef = 7459A3EBEF2E7C346B508738 /* LiveView.swift */; };
		8EB7EB5EBBC543C38958F165 /* ScriptHost in Resources */ = {isa = PBXBuildFile; fileRef = BB24E05B7991A6EC8248BB34 /* ScriptHost */; };
		8F795717D0D0DC2F6996B47A /* RootView.swift in Sources */ = {isa = PBXBuildFile; fileRef = 9C911ACB6C027C8F9A096409 /* RootView.swift */; };
		90F4C8847D5EE49C3388A326 /* SettingsView.swift in Sources */ = {isa = PBXBuildFile; fileRef = B442C75C212445F3786397ED /* SettingsView.swift */; };
		930D2E53E04CBCD27E280EBD /* runtime-probe.jar in Resources */ = {isa = PBXBuildFile; fileRef = E19FE970E68D278C15E8DBF8 /* runtime-probe.jar */; };
		97DFD3224F5E543A2BE6EDE0 /* PlayerView.swift in Sources */ = {isa = PBXBuildFile; fileRef = 8CB1FA4BB4990588B428781E /* PlayerView.swift */; };
		A149AE9D183C5FB64D411761 /* Assets.xcassets in Resources */ = {isa = PBXBuildFile; fileRef = ADB3063A14E368A71892DCEE /* Assets.xcassets */; };
		A6CF37D3E8E26FD498A15CD1 /* JavaHost in Resources */ = {isa = PBXBuildFile; fileRef = F1B927CC6ECB2F8BDFB22287 /* JavaHost */; };
		B0AA965C1DB5AA7CF03E9415 /* SitesView.swift in Sources */ = {isa = PBXBuildFile; fileRef = 75124CC2471CF95C1FFB168A /* SitesView.swift */; };
		B5DCC83D47D5AEB70A55028D /* RuntimeView.swift in Sources */ = {isa = PBXBuildFile; fileRef = 2075419FEF0E1C161A31A9F0 /* RuntimeView.swift */; };
		BB4A23786D789829360C242B /* TVBoxApp.swift in Sources */ = {isa = PBXBuildFile; fileRef = 8A2BB58B1720E9D6D85F93F4 /* TVBoxApp.swift */; };
		BC4E3C9C3181FF25AA7E06F9 /* RootView.swift in Sources */ = {isa = PBXBuildFile; fileRef = 9C911ACB6C027C8F9A096409 /* RootView.swift */; };
		BF897F1F4B399DAA732ED4ED /* Store.swift in Sources */ = {isa = PBXBuildFile; fileRef = 2D1010816125FBC3792AF838 /* Store.swift */; };
		C5E9C8C7F693011882FC1F22 /* PlayerView.swift in Sources */ = {isa = PBXBuildFile; fileRef = 8CB1FA4BB4990588B428781E /* PlayerView.swift */; };
		C6D7579CAFFAB9B441C0703C /* CloudDriveView.swift in Sources */ = {isa = PBXBuildFile; fileRef = CEE19E104EAA6C4F620B8E53 /* CloudDriveView.swift */; };
		D10B5A0245BDE1A5E05A6BD7 /* CloudDriveView.swift in Sources */ = {isa = PBXBuildFile; fileRef = CEE19E104EAA6C4F620B8E53 /* CloudDriveView.swift */; };
		D1BC31CCC2FCC4A6AB834BD5 /* HLSProxy.swift in Sources */ = {isa = PBXBuildFile; fileRef = B44CBA0E5BBD1D129D5D64E3 /* HLSProxy.swift */; };
		D5140B80F4BA053665F4D30A /* RuntimeView.swift in Sources */ = {isa = PBXBuildFile; fileRef = 2075419FEF0E1C161A31A9F0 /* RuntimeView.swift */; };
		E64F015590BDBE0DFC8A216E /* LiveView.swift in Sources */ = {isa = PBXBuildFile; fileRef = 7459A3EBEF2E7C346B508738 /* LiveView.swift */; };
		E8E7D31FA6802352FA66EB56 /* InfoPlist.strings in Resources */ = {isa = PBXBuildFile; fileRef = 335A7E05458DD9DA9AA04125 /* InfoPlist.strings */; };
		F199C77516C38F5644997AEB /* TVCore in Frameworks */ = {isa = PBXBuildFile; productRef = A72103001ACB22093291D051 /* TVCore */; };
		F3B63B43988E72A87677A7AC /* GlassKit.swift in Sources */ = {isa = PBXBuildFile; fileRef = 739A64FB51780D4314D2DDF8 /* GlassKit.swift */; };
		F418F8B8793AF0B489F83AB9 /* PlaybackView.swift in Sources */ = {isa = PBXBuildFile; fileRef = 6876ACF1E9D9F80BBC4F22C4 /* PlaybackView.swift */; };
		F8EB061662C5CB6EB47B41F2 /* SitesView.swift in Sources */ = {isa = PBXBuildFile; fileRef = 75124CC2471CF95C1FFB168A /* SitesView.swift */; };
		F90D633F45956BEB583BB3C8 /* LiveView.swift in Sources */ = {isa = PBXBuildFile; fileRef = 7459A3EBEF2E7C346B508738 /* LiveView.swift */; };
		FDA61F14FE9C263521D69DD7 /* PlayerView.swift in Sources */ = {isa = PBXBuildFile; fileRef = 8CB1FA4BB4990588B428781E /* PlayerView.swift */; };
		FF2676E385636EBBCE5C2ED2 /* runtime-probe.jar in Resources */ = {isa = PBXBuildFile; fileRef = E19FE970E68D278C15E8DBF8 /* runtime-probe.jar */; };
/* End PBXBuildFile section */

/* Begin PBXFileReference section */
		04E8471F5AF8D64B17693833 /* TVBox-tvOS.app */ = {isa = PBXFileReference; includeInIndex = 0; lastKnownFileType = wrapper.application; path = "TVBox-tvOS.app"; sourceTree = BUILT_PRODUCTS_DIR; };
		0880682FDD3D3B413396938B /* tvbox */ = {isa = PBXFileReference; lastKnownFileType = folder; name = tvbox; path = .; sourceTree = SOURCE_ROOT; };
		181C983C0018A97F2A086298 /* DiscoveryView.swift */ = {isa = PBXFileReference; lastKnownFileType = sourcecode.swift; path = DiscoveryView.swift; sourceTree = "<group>"; };
		2075419FEF0E1C161A31A9F0 /* RuntimeView.swift */ = {isa = PBXFileReference; lastKnownFileType = sourcecode.swift; path = RuntimeView.swift; sourceTree = "<group>"; };
		2278608DE7AE2FEA27EB51C9 /* TVBox-macOS.app */ = {isa = PBXFileReference; explicitFileType = wrapper.application; includeInIndex = 0; path = "TVBox-macOS.app"; sourceTree = BUILT_PRODUCTS_DIR; };
		2D1010816125FBC3792AF838 /* Store.swift */ = {isa = PBXFileReference; lastKnownFileType = sourcecode.swift; path = Store.swift; sourceTree = "<group>"; };
		6876ACF1E9D9F80BBC4F22C4 /* PlaybackView.swift */ = {isa = PBXFileReference; lastKnownFileType = sourcecode.swift; path = PlaybackView.swift; sourceTree = "<group>"; };
		739A64FB51780D4314D2DDF8 /* GlassKit.swift */ = {isa = PBXFileReference; lastKnownFileType = sourcecode.swift; path = GlassKit.swift; sourceTree = "<group>"; };
		7459A3EBEF2E7C346B508738 /* LiveView.swift */ = {isa = PBXFileReference; lastKnownFileType = sourcecode.swift; path = LiveView.swift; sourceTree = "<group>"; };
		75124CC2471CF95C1FFB168A /* SitesView.swift */ = {isa = PBXFileReference; lastKnownFileType = sourcecode.swift; path = SitesView.swift; sourceTree = "<group>"; };
		781912838F2DF6F1DD3963CF /* ja */ = {isa = PBXFileReference; lastKnownFileType = text.plist.strings; name = ja; path = ja.lproj/InfoPlist.strings; sourceTree = "<group>"; };
		8A2BB58B1720E9D6D85F93F4 /* TVBoxApp.swift */ = {isa = PBXFileReference; lastKnownFileType = sourcecode.swift; path = TVBoxApp.swift; sourceTree = "<group>"; };
		8CB1FA4BB4990588B428781E /* PlayerView.swift */ = {isa = PBXFileReference; lastKnownFileType = sourcecode.swift; path = PlayerView.swift; sourceTree = "<group>"; };
		9B7E929CDDC1F085C6B55693 /* HomeView.swift */ = {isa = PBXFileReference; lastKnownFileType = sourcecode.swift; path = HomeView.swift; sourceTree = "<group>"; };
		9C911ACB6C027C8F9A096409 /* RootView.swift */ = {isa = PBXFileReference; lastKnownFileType = sourcecode.swift; path = RootView.swift; sourceTree = "<group>"; };
		A3012FC04D8DAD058B1A5168 /* ThirdPartyNotices.txt */ = {isa = PBXFileReference; lastKnownFileType = text; path = ThirdPartyNotices.txt; sourceTree = "<group>"; };
		ADB3063A14E368A71892DCEE /* Assets.xcassets */ = {isa = PBXFileReference; lastKnownFileType = folder.assetcatalog; path = Assets.xcassets; sourceTree = "<group>"; };
		B442C75C212445F3786397ED /* SettingsView.swift */ = {isa = PBXFileReference; lastKnownFileType = sourcecode.swift; path = SettingsView.swift; sourceTree = "<group>"; };
		B44CBA0E5BBD1D129D5D64E3 /* HLSProxy.swift */ = {isa = PBXFileReference; lastKnownFileType = sourcecode.swift; path = HLSProxy.swift; sourceTree = "<group>"; };
		BB24E05B7991A6EC8248BB34 /* ScriptHost */ = {isa = PBXFileReference; lastKnownFileType = folder; name = ScriptHost; path = build/ScriptHost; sourceTree = SOURCE_ROOT; };
		CEE19E104EAA6C4F620B8E53 /* CloudDriveView.swift */ = {isa = PBXFileReference; lastKnownFileType = sourcecode.swift; path = CloudDriveView.swift; sourceTree = "<group>"; };
		E19FE970E68D278C15E8DBF8 /* runtime-probe.jar */ = {isa = PBXFileReference; lastKnownFileType = archive.jar; path = "runtime-probe.jar"; sourceTree = "<group>"; };
		E9129983B00A1F634A9D91FA /* zh-Hans */ = {isa = PBXFileReference; lastKnownFileType = text.plist.strings; name = "zh-Hans"; path = "zh-Hans.lproj/InfoPlist.strings"; sourceTree = "<group>"; };
		EBE6334B7CAF1F9B12DD4545 /* en */ = {isa = PBXFileReference; lastKnownFileType = text.plist.strings; name = en; path = en.lproj/InfoPlist.strings; sourceTree = "<group>"; };
		F1B927CC6ECB2F8BDFB22287 /* JavaHost */ = {isa = PBXFileReference; lastKnownFileType = folder; name = JavaHost; path = build/JavaHost; sourceTree = SOURCE_ROOT; };
		F3BE1C0DDC7E09246C2E0A68 /* zh-Hant */ = {isa = PBXFileReference; lastKnownFileType = text.plist.strings; name = "zh-Hant"; path = "zh-Hant.lproj/InfoPlist.strings"; sourceTree = "<group>"; };
		F7D32FD5D631B4C58A2C3022 /* TVBox-iOS.app */ = {isa = PBXFileReference; includeInIndex = 0; lastKnownFileType = wrapper.application; path = "TVBox-iOS.app"; sourceTree = BUILT_PRODUCTS_DIR; };
/* End PBXFileReference section */

/* Begin PBXFrameworksBuildPhase section */
		0AAE1912A8D2D5FA12914BEC /* Frameworks */ = {
			isa = PBXFrameworksBuildPhase;
			buildActionMask = 2147483647;
			files = (
				1E4B0163BABCB43BA85836D6 /* TVCore in Frameworks */,
			);
			runOnlyForDeploymentPostprocessing = 0;
		};
		42CF7C28FA76A27C0C01C499 /* Frameworks */ = {
			isa = PBXFrameworksBuildPhase;
			buildActionMask = 2147483647;
			files = (
				F199C77516C38F5644997AEB /* TVCore in Frameworks */,
			);
			runOnlyForDeploymentPostprocessing = 0;
		};
		E94BC2A1C955B6F2E58D19BE /* Frameworks */ = {
			isa = PBXFrameworksBuildPhase;
			buildActionMask = 2147483647;
			files = (
				5F05B8FEB75498291DBE83CB /* TVCore in Frameworks */,
			);
			runOnlyForDeploymentPostprocessing = 0;
		};
/* End PBXFrameworksBuildPhase section */

/* Begin PBXGroup section */
		1D59E68466D22F2A478A3347 /* macOS */ = {
			isa = PBXGroup;
			children = (
				ADB3063A14E368A71892DCEE /* Assets.xcassets */,
			);
			name = macOS;
			path = Config/macOS;
			sourceTree = "<group>";
		};
		1F25D2D2DB103D5EFE355065 /* Resources */ = {
			isa = PBXGroup;
			children = (
				E19FE970E68D278C15E8DBF8 /* runtime-probe.jar */,
				A3012FC04D8DAD058B1A5168 /* ThirdPartyNotices.txt */,
				335A7E05458DD9DA9AA04125 /* InfoPlist.strings */,
			);
			path = Resources;
			sourceTree = "<group>";
		};
		42F85A68BE50D8E117754B11 /* App */ = {
			isa = PBXGroup;
			children = (
				CEE19E104EAA6C4F620B8E53 /* CloudDriveView.swift */,
				181C983C0018A97F2A086298 /* DiscoveryView.swift */,
				739A64FB51780D4314D2DDF8 /* GlassKit.swift */,
				B44CBA0E5BBD1D129D5D64E3 /* HLSProxy.swift */,
				9B7E929CDDC1F085C6B55693 /* HomeView.swift */,
				7459A3EBEF2E7C346B508738 /* LiveView.swift */,
				6876ACF1E9D9F80BBC4F22C4 /* PlaybackView.swift */,
				8CB1FA4BB4990588B428781E /* PlayerView.swift */,
				9C911ACB6C027C8F9A096409 /* RootView.swift */,
				2075419FEF0E1C161A31A9F0 /* RuntimeView.swift */,
				B442C75C212445F3786397ED /* SettingsView.swift */,
				75124CC2471CF95C1FFB168A /* SitesView.swift */,
				2D1010816125FBC3792AF838 /* Store.swift */,
				8A2BB58B1720E9D6D85F93F4 /* TVBoxApp.swift */,
				1F25D2D2DB103D5EFE355065 /* Resources */,
			);
			path = App;
			sourceTree = "<group>";
		};
		9DD837D999788C26D512B710 = {
			isa = PBXGroup;
			children = (
				F1B927CC6ECB2F8BDFB22287 /* JavaHost */,
				BB24E05B7991A6EC8248BB34 /* ScriptHost */,
				42F85A68BE50D8E117754B11 /* App */,
				1D59E68466D22F2A478A3347 /* macOS */,
				A8F2C96E75A8FF40AD9C4F24 /* Packages */,
				9E42A71049342AE976D26F4C /* Products */,
			);
			sourceTree = "<group>";
		};
		9E42A71049342AE976D26F4C /* Products */ = {
			isa = PBXGroup;
			children = (
				F7D32FD5D631B4C58A2C3022 /* TVBox-iOS.app */,
				2278608DE7AE2FEA27EB51C9 /* TVBox-macOS.app */,
				04E8471F5AF8D64B17693833 /* TVBox-tvOS.app */,
			);
			name = Products;
			sourceTree = "<group>";
		};
		A8F2C96E75A8FF40AD9C4F24 /* Packages */ = {
			isa = PBXGroup;
			children = (
				0880682FDD3D3B413396938B /* tvbox */,
			);
			name = Packages;
			sourceTree = "<group>";
		};
/* End PBXGroup section */

/* Begin PBXNativeTarget section */
		30A036AA0B7CC9BDB73B6532 /* TVBox-iOS */ = {
			isa = PBXNativeTarget;
			buildConfigurationList = 69187C92E06B41B0817552F3 /* Build configuration list for PBXNativeTarget "TVBox-iOS" */;
			buildPhases = (
				FF62FD0D84F10E3C607D716E /* Sources */,
				AEDE346CFFADBAE2169B12A1 /* Resources */,
				E94BC2A1C955B6F2E58D19BE /* Frameworks */,
			);
			buildRules = (
			);
			dependencies = (
			);
			name = "TVBox-iOS";
			packageProductDependencies = (
				150E7485ED76FF29A84D7C1D /* TVCore */,
			);
			productName = "TVBox-iOS";
			productReference = F7D32FD5D631B4C58A2C3022 /* TVBox-iOS.app */;
			productType = "com.apple.product-type.application";
		};
		6329C5C5F90A7209CE803328 /* TVBox-macOS */ = {
			isa = PBXNativeTarget;
			buildConfigurationList = 429EE12CD839980B47636EAD /* Build configuration list for PBXNativeTarget "TVBox-macOS" */;
			buildPhases = (
				DE668986064D1052747B0516 /* Sources */,
				330684913FA5953506D1EE47 /* Resources */,
				0AAE1912A8D2D5FA12914BEC /* Frameworks */,
			);
			buildRules = (
			);
			dependencies = (
			);
			name = "TVBox-macOS";
			packageProductDependencies = (
				758A0D5359D0622060D86C20 /* TVCore */,
			);
			productName = "TVBox-macOS";
			productReference = 2278608DE7AE2FEA27EB51C9 /* TVBox-macOS.app */;
			productType = "com.apple.product-type.application";
		};
		ED651BAC28903A6823382E23 /* TVBox-tvOS */ = {
			isa = PBXNativeTarget;
			buildConfigurationList = DAA4895E5FBCBEE93E8522D9 /* Build configuration list for PBXNativeTarget "TVBox-tvOS" */;
			buildPhases = (
				3045AC51AD346EA9FB246FE5 /* Sources */,
				28C5970E177A56CF0613AE10 /* Resources */,
				42CF7C28FA76A27C0C01C499 /* Frameworks */,
			);
			buildRules = (
			);
			dependencies = (
			);
			name = "TVBox-tvOS";
			packageProductDependencies = (
				A72103001ACB22093291D051 /* TVCore */,
			);
			productName = "TVBox-tvOS";
			productReference = 04E8471F5AF8D64B17693833 /* TVBox-tvOS.app */;
			productType = "com.apple.product-type.application";
		};
/* End PBXNativeTarget section */

/* Begin PBXProject section */
		CFEC74A6A80F6E5419CA6A6B /* Project object */ = {
			isa = PBXProject;
			attributes = {
				BuildIndependentTargetsInParallel = YES;
				LastUpgradeCheck = 1430;
				TargetAttributes = {
					30A036AA0B7CC9BDB73B6532 = {
						DevelopmentTeam = "";
						ProvisioningStyle = Automatic;
					};
					6329C5C5F90A7209CE803328 = {
						DevelopmentTeam = "";
						ProvisioningStyle = Automatic;
					};
					ED651BAC28903A6823382E23 = {
						DevelopmentTeam = "";
						ProvisioningStyle = Automatic;
					};
				};
			};
			buildConfigurationList = 0BB5F74B671DBF3C74C5C02E /* Build configuration list for PBXProject "TVBox" */;
			developmentRegion = en;
			hasScannedForEncodings = 0;
			knownRegions = (
				Base,
				en,
				ja,
				"zh-Hans",
				"zh-Hant",
			);
			mainGroup = 9DD837D999788C26D512B710;
			minimizedProjectReferenceProxies = 1;
			packageReferences = (
				D7245A415BE68C715CD1A007 /* XCLocalSwiftPackageReference "." */,
			);
			preferredProjectObjectVersion = 77;
			productRefGroup = 9E42A71049342AE976D26F4C /* Products */;
			projectDirPath = "";
			projectRoot = "";
			targets = (
				30A036AA0B7CC9BDB73B6532 /* TVBox-iOS */,
				6329C5C5F90A7209CE803328 /* TVBox-macOS */,
				ED651BAC28903A6823382E23 /* TVBox-tvOS */,
			);
		};
/* End PBXProject section */

/* Begin PBXResourcesBuildPhase section */
		28C5970E177A56CF0613AE10 /* Resources */ = {
			isa = PBXResourcesBuildPhase;
			buildActionMask = 2147483647;
			files = (
				6B01742A91D2CBC1E9895B76 /* InfoPlist.strings in Resources */,
				58C0162322E0B17F1652E0AD /* ThirdPartyNotices.txt in Resources */,
				34A7CB6F4A24249F52079A4D /* runtime-probe.jar in Resources */,
			);
			runOnlyForDeploymentPostprocessing = 0;
		};
		330684913FA5953506D1EE47 /* Resources */ = {
			isa = PBXResourcesBuildPhase;
			buildActionMask = 2147483647;
			files = (
				A149AE9D183C5FB64D411761 /* Assets.xcassets in Resources */,
				E8E7D31FA6802352FA66EB56 /* InfoPlist.strings in Resources */,
				A6CF37D3E8E26FD498A15CD1 /* JavaHost in Resources */,
				8EB7EB5EBBC543C38958F165 /* ScriptHost in Resources */,
				45ECD9E8EE6888748AC6D46E /* ThirdPartyNotices.txt in Resources */,
				FF2676E385636EBBCE5C2ED2 /* runtime-probe.jar in Resources */,
			);
			runOnlyForDeploymentPostprocessing = 0;
		};
		AEDE346CFFADBAE2169B12A1 /* Resources */ = {
			isa = PBXResourcesBuildPhase;
			buildActionMask = 2147483647;
			files = (
				308A38681AA7812EF6DC4DFE /* InfoPlist.strings in Resources */,
				3E782ECA07220E19F2EBDB7C /* ThirdPartyNotices.txt in Resources */,
				930D2E53E04CBCD27E280EBD /* runtime-probe.jar in Resources */,
			);
			runOnlyForDeploymentPostprocessing = 0;
		};
/* End PBXResourcesBuildPhase section */

/* Begin PBXSourcesBuildPhase section */
		3045AC51AD346EA9FB246FE5 /* Sources */ = {
			isa = PBXSourcesBuildPhase;
			buildActionMask = 2147483647;
			files = (
				C6D7579CAFFAB9B441C0703C /* CloudDriveView.swift in Sources */,
				6F3F7DE9D8CB73FC2C1592D9 /* DiscoveryView.swift in Sources */,
				1050D617A22F09CD0A01DE66 /* GlassKit.swift in Sources */,
				34349D95E4EC0176C10862E2 /* HLSProxy.swift in Sources */,
				1B6DFFAF679C5BAD70F09875 /* HomeView.swift in Sources */,
				7FB9AB1705559DD6C22EEFAE /* LiveView.swift in Sources */,
				6DBF1FDBD1FD2889D191197E /* PlaybackView.swift in Sources */,
				FDA61F14FE9C263521D69DD7 /* PlayerView.swift in Sources */,
				3BD1DFEF3A75B43935EB2185 /* RootView.swift in Sources */,
				3F2E64D0FAA75B78026F115A /* RuntimeView.swift in Sources */,
				90F4C8847D5EE49C3388A326 /* SettingsView.swift in Sources */,
				53F697A2DD9E8D5443E43646 /* SitesView.swift in Sources */,
				1FAC6965CB4F8B33135C85C5 /* Store.swift in Sources */,
				01D530B7370C1CB5CFA657BE /* TVBoxApp.swift in Sources */,
			);
			runOnlyForDeploymentPostprocessing = 0;
		};
		DE668986064D1052747B0516 /* Sources */ = {
			isa = PBXSourcesBuildPhase;
			buildActionMask = 2147483647;
			files = (
				D10B5A0245BDE1A5E05A6BD7 /* CloudDriveView.swift in Sources */,
				15E3F2F86594F2B8A9CF0175 /* DiscoveryView.swift in Sources */,
				F3B63B43988E72A87677A7AC /* GlassKit.swift in Sources */,
				13AB1C878E7990BF8FB16849 /* HLSProxy.swift in Sources */,
				14E05DC952FB2705E645EAE6 /* HomeView.swift in Sources */,
				E64F015590BDBE0DFC8A216E /* LiveView.swift in Sources */,
				089C2D01F3B95CB1738D9AD9 /* PlaybackView.swift in Sources */,
				97DFD3224F5E543A2BE6EDE0 /* PlayerView.swift in Sources */,
				8F795717D0D0DC2F6996B47A /* RootView.swift in Sources */,
				B5DCC83D47D5AEB70A55028D /* RuntimeView.swift in Sources */,
				3DB703B04E4659AB8623A1A7 /* SettingsView.swift in Sources */,
				B0AA965C1DB5AA7CF03E9415 /* SitesView.swift in Sources */,
				4C65106175D517040E98330B /* Store.swift in Sources */,
				BB4A23786D789829360C242B /* TVBoxApp.swift in Sources */,
			);
			runOnlyForDeploymentPostprocessing = 0;
		};
		FF62FD0D84F10E3C607D716E /* Sources */ = {
			isa = PBXSourcesBuildPhase;
			buildActionMask = 2147483647;
			files = (
				59953BBDD74AED0A292F7079 /* CloudDriveView.swift in Sources */,
				4ECE8586E27A017017F26EDC /* DiscoveryView.swift in Sources */,
				338825790412D642115F2BD3 /* GlassKit.swift in Sources */,
				D1BC31CCC2FCC4A6AB834BD5 /* HLSProxy.swift in Sources */,
				6012B7CF185E20A26CC68CD0 /* HomeView.swift in Sources */,
				F90D633F45956BEB583BB3C8 /* LiveView.swift in Sources */,
				F418F8B8793AF0B489F83AB9 /* PlaybackView.swift in Sources */,
				C5E9C8C7F693011882FC1F22 /* PlayerView.swift in Sources */,
				BC4E3C9C3181FF25AA7E06F9 /* RootView.swift in Sources */,
				D5140B80F4BA053665F4D30A /* RuntimeView.swift in Sources */,
				26A1C218652FCEEE9FC60E0F /* SettingsView.swift in Sources */,
				F8EB061662C5CB6EB47B41F2 /* SitesView.swift in Sources */,
				BF897F1F4B399DAA732ED4ED /* Store.swift in Sources */,
				17CDC06DD8AD8CE47973B982 /* TVBoxApp.swift in Sources */,
			);
			runOnlyForDeploymentPostprocessing = 0;
		};
/* End PBXSourcesBuildPhase section */

/* Begin PBXVariantGroup section */
		335A7E05458DD9DA9AA04125 /* InfoPlist.strings */ = {
			isa = PBXVariantGroup;
			children = (
				EBE6334B7CAF1F9B12DD4545 /* en */,
				781912838F2DF6F1DD3963CF /* ja */,
				E9129983B00A1F634A9D91FA /* zh-Hans */,
				F3BE1C0DDC7E09246C2E0A68 /* zh-Hant */,
			);
			name = InfoPlist.strings;
			sourceTree = "<group>";
		};
/* End PBXVariantGroup section */

/* Begin XCBuildConfiguration section */
		335F9F0CE5B41C3830EBD4E1 /* Debug */ = {
			isa = XCBuildConfiguration;
			buildSettings = {
				ALWAYS_SEARCH_USER_PATHS = NO;
				CLANG_ANALYZER_NONNULL = YES;
				CLANG_ANALYZER_NUMBER_OBJECT_CONVERSION = YES_AGGRESSIVE;
				CLANG_CXX_LANGUAGE_STANDARD = "gnu++14";
				CLANG_CXX_LIBRARY = "libc++";
				CLANG_ENABLE_MODULES = YES;
				CLANG_ENABLE_OBJC_ARC = YES;
				CLANG_ENABLE_OBJC_WEAK = YES;
				CLANG_WARN_BLOCK_CAPTURE_AUTORELEASING = YES;
				CLANG_WARN_BOOL_CONVERSION = YES;
				CLANG_WARN_COMMA = YES;
				CLANG_WARN_CONSTANT_CONVERSION = YES;
				CLANG_WARN_DEPRECATED_OBJC_IMPLEMENTATIONS = YES;
				CLANG_WARN_DIRECT_OBJC_ISA_USAGE = YES_ERROR;
				CLANG_WARN_DOCUMENTATION_COMMENTS = YES;
				CLANG_WARN_EMPTY_BODY = YES;
				CLANG_WARN_ENUM_CONVERSION = YES;
				CLANG_WARN_INFINITE_RECURSION = YES;
				CLANG_WARN_INT_CONVERSION = YES;
				CLANG_WARN_NON_LITERAL_NULL_CONVERSION = YES;
				CLANG_WARN_OBJC_IMPLICIT_RETAIN_SELF = YES;
				CLANG_WARN_OBJC_LITERAL_CONVERSION = YES;
				CLANG_WARN_OBJC_ROOT_CLASS = YES_ERROR;
				CLANG_WARN_QUOTED_INCLUDE_IN_FRAMEWORK_HEADER = YES;
				CLANG_WARN_RANGE_LOOP_ANALYSIS = YES;
				CLANG_WARN_STRICT_PROTOTYPES = YES;
				CLANG_WARN_SUSPICIOUS_MOVE = YES;
				CLANG_WARN_UNGUARDED_AVAILABILITY = YES_AGGRESSIVE;
				CLANG_WARN_UNREACHABLE_CODE = YES;
				CLANG_WARN__DUPLICATE_METHOD_MATCH = YES;
				CODE_SIGN_STYLE = Automatic;
				COPY_PHASE_STRIP = NO;
				CURRENT_PROJECT_VERSION = 1;
				DEBUG_INFORMATION_FORMAT = dwarf;
				DEVELOPMENT_TEAM = "";
				ENABLE_STRICT_OBJC_MSGSEND = YES;
				ENABLE_TESTABILITY = YES;
				GCC_C_LANGUAGE_STANDARD = gnu11;
				GCC_DYNAMIC_NO_PIC = NO;
				GCC_NO_COMMON_BLOCKS = YES;
				GCC_OPTIMIZATION_LEVEL = 0;
				GCC_PREPROCESSOR_DEFINITIONS = (
					"$(inherited)",
					"DEBUG=1",
				);
				GCC_WARN_64_TO_32_BIT_CONVERSION = YES;
				GCC_WARN_ABOUT_RETURN_TYPE = YES_ERROR;
				GCC_WARN_UNDECLARED_SELECTOR = YES;
				GCC_WARN_UNINITIALIZED_AUTOS = YES_AGGRESSIVE;
				GCC_WARN_UNUSED_FUNCTION = YES;
				GCC_WARN_UNUSED_VARIABLE = YES;
				GENERATE_INFOPLIST_FILE = YES;
				INFOPLIST_KEY_CFBundleDisplayName = Yingxia;
				INFOPLIST_KEY_LSApplicationCategoryType = "public.app-category.entertainment";
				IPHONEOS_DEPLOYMENT_TARGET = 26.0;
				MACOSX_DEPLOYMENT_TARGET = 26.0;
				MARKETING_VERSION = 1.0;
				MTL_ENABLE_DEBUG_INFO = INCLUDE_SOURCE;
				MTL_FAST_MATH = YES;
				ONLY_ACTIVE_ARCH = YES;
				PRODUCT_NAME = "$(TARGET_NAME)";
				SWIFT_ACTIVE_COMPILATION_CONDITIONS = DEBUG;
				SWIFT_OPTIMIZATION_LEVEL = "-Onone";
				SWIFT_VERSION = 6.0;
				TVOS_DEPLOYMENT_TARGET = 26.0;
			};
			name = Debug;
		};
		3744646BA40C2CCC4F0A6B10 /* Release */ = {
			isa = XCBuildConfiguration;
			buildSettings = {
				ASSETCATALOG_COMPILER_APPICON_NAME = AppIcon;
				COMBINE_HIDPI_IMAGES = YES;
				INFOPLIST_FILE = "Config/Info-TVBox-macOS.plist";
				LD_RUNPATH_SEARCH_PATHS = (
					"$(inherited)",
					"@executable_path/../Frameworks",
				);
				PRODUCT_BUNDLE_IDENTIFIER = com.tvbox.yingxia.mac;
				SDKROOT = macosx;
			};
			name = Release;
		};
		39CA71D8868462F83CED9EFC /* Release */ = {
			isa = XCBuildConfiguration;
			buildSettings = {
				ASSETCATALOG_COMPILER_APPICON_NAME = AppIcon;
				CODE_SIGN_IDENTITY = "iPhone Developer";
				INFOPLIST_FILE = "Config/Info-TVBox-iOS.plist";
				LD_RUNPATH_SEARCH_PATHS = (
					"$(inherited)",
					"@executable_path/Frameworks",
				);
				PRODUCT_BUNDLE_IDENTIFIER = com.tvbox.yingxia.ios;
				SDKROOT = iphoneos;
				TARGETED_DEVICE_FAMILY = "1,2";
			};
			name = Release;
		};
		B09E2F4671C26C5348438017 /* Release */ = {
			isa = XCBuildConfiguration;
			buildSettings = {
				ASSETCATALOG_COMPILER_APPICON_NAME = "App Icon & Top Shelf Image";
				ASSETCATALOG_COMPILER_LAUNCHIMAGE_NAME = LaunchImage;
				INFOPLIST_FILE = "Config/Info-TVBox-tvOS.plist";
				LD_RUNPATH_SEARCH_PATHS = (
					"$(inherited)",
					"@executable_path/Frameworks",
				);
				PRODUCT_BUNDLE_IDENTIFIER = com.tvbox.yingxia.tv;
				SDKROOT = appletvos;
				TARGETED_DEVICE_FAMILY = 3;
			};
			name = Release;
		};
		BDD2771C76E4A3E49C6AEE83 /* Debug */ = {
			isa = XCBuildConfiguration;
			buildSettings = {
				ASSETCATALOG_COMPILER_APPICON_NAME = AppIcon;
				CODE_SIGN_IDENTITY = "iPhone Developer";
				INFOPLIST_FILE = "Config/Info-TVBox-iOS.plist";
				LD_RUNPATH_SEARCH_PATHS = (
					"$(inherited)",
					"@executable_path/Frameworks",
				);
				PRODUCT_BUNDLE_IDENTIFIER = com.tvbox.yingxia.ios;
				SDKROOT = iphoneos;
				TARGETED_DEVICE_FAMILY = "1,2";
			};
			name = Debug;
		};
		C348D5C80B7414FA5F7188F6 /* Debug */ = {
			isa = XCBuildConfiguration;
			buildSettings = {
				ASSETCATALOG_COMPILER_APPICON_NAME = "App Icon & Top Shelf Image";
				ASSETCATALOG_COMPILER_LAUNCHIMAGE_NAME = LaunchImage;
				INFOPLIST_FILE = "Config/Info-TVBox-tvOS.plist";
				LD_RUNPATH_SEARCH_PATHS = (
					"$(inherited)",
					"@executable_path/Frameworks",
				);
				PRODUCT_BUNDLE_IDENTIFIER = com.tvbox.yingxia.tv;
				SDKROOT = appletvos;
				TARGETED_DEVICE_FAMILY = 3;
			};
			name = Debug;
		};
		C612EA0D9437F6A8C12E3650 /* Release */ = {
			isa = XCBuildConfiguration;
			buildSettings = {
				ALWAYS_SEARCH_USER_PATHS = NO;
				CLANG_ANALYZER_NONNULL = YES;
				CLANG_ANALYZER_NUMBER_OBJECT_CONVERSION = YES_AGGRESSIVE;
				CLANG_CXX_LANGUAGE_STANDARD = "gnu++14";
				CLANG_CXX_LIBRARY = "libc++";
				CLANG_ENABLE_MODULES = YES;
				CLANG_ENABLE_OBJC_ARC = YES;
				CLANG_ENABLE_OBJC_WEAK = YES;
				CLANG_WARN_BLOCK_CAPTURE_AUTORELEASING = YES;
				CLANG_WARN_BOOL_CONVERSION = YES;
				CLANG_WARN_COMMA = YES;
				CLANG_WARN_CONSTANT_CONVERSION = YES;
				CLANG_WARN_DEPRECATED_OBJC_IMPLEMENTATIONS = YES;
				CLANG_WARN_DIRECT_OBJC_ISA_USAGE = YES_ERROR;
				CLANG_WARN_DOCUMENTATION_COMMENTS = YES;
				CLANG_WARN_EMPTY_BODY = YES;
				CLANG_WARN_ENUM_CONVERSION = YES;
				CLANG_WARN_INFINITE_RECURSION = YES;
				CLANG_WARN_INT_CONVERSION = YES;
				CLANG_WARN_NON_LITERAL_NULL_CONVERSION = YES;
				CLANG_WARN_OBJC_IMPLICIT_RETAIN_SELF = YES;
				CLANG_WARN_OBJC_LITERAL_CONVERSION = YES;
				CLANG_WARN_OBJC_ROOT_CLASS = YES_ERROR;
				CLANG_WARN_QUOTED_INCLUDE_IN_FRAMEWORK_HEADER = YES;
				CLANG_WARN_RANGE_LOOP_ANALYSIS = YES;
				CLANG_WARN_STRICT_PROTOTYPES = YES;
				CLANG_WARN_SUSPICIOUS_MOVE = YES;
				CLANG_WARN_UNGUARDED_AVAILABILITY = YES_AGGRESSIVE;
				CLANG_WARN_UNREACHABLE_CODE = YES;
				CLANG_WARN__DUPLICATE_METHOD_MATCH = YES;
				CODE_SIGN_STYLE = Automatic;
				COPY_PHASE_STRIP = NO;
				CURRENT_PROJECT_VERSION = 1;
				DEBUG_INFORMATION_FORMAT = "dwarf-with-dsym";
				DEVELOPMENT_TEAM = "";
				ENABLE_NS_ASSERTIONS = NO;
				ENABLE_STRICT_OBJC_MSGSEND = YES;
				GCC_C_LANGUAGE_STANDARD = gnu11;
				GCC_NO_COMMON_BLOCKS = YES;
				GCC_WARN_64_TO_32_BIT_CONVERSION = YES;
				GCC_WARN_ABOUT_RETURN_TYPE = YES_ERROR;
				GCC_WARN_UNDECLARED_SELECTOR = YES;
				GCC_WARN_UNINITIALIZED_AUTOS = YES_AGGRESSIVE;
				GCC_WARN_UNUSED_FUNCTION = YES;
				GCC_WARN_UNUSED_VARIABLE = YES;
				GENERATE_INFOPLIST_FILE = YES;
				INFOPLIST_KEY_CFBundleDisplayName = Yingxia;
				INFOPLIST_KEY_LSApplicationCategoryType = "public.app-category.entertainment";
				IPHONEOS_DEPLOYMENT_TARGET = 26.0;
				MACOSX_DEPLOYMENT_TARGET = 26.0;
				MARKETING_VERSION = 1.0;
				MTL_ENABLE_DEBUG_INFO = NO;
				MTL_FAST_MATH = YES;
				PRODUCT_NAME = "$(TARGET_NAME)";
				SWIFT_COMPILATION_MODE = wholemodule;
				SWIFT_OPTIMIZATION_LEVEL = "-O";
				SWIFT_VERSION = 6.0;
				TVOS_DEPLOYMENT_TARGET = 26.0;
			};
			name = Release;
		};
		CC3F947A7794B6B05E70ED1C /* Debug */ = {
			isa = XCBuildConfiguration;
			buildSettings = {
				ASSETCATALOG_COMPILER_APPICON_NAME = AppIcon;
				COMBINE_HIDPI_IMAGES = YES;
				INFOPLIST_FILE = "Config/Info-TVBox-macOS.plist";
				LD_RUNPATH_SEARCH_PATHS = (
					"$(inherited)",
					"@executable_path/../Frameworks",
				);
				PRODUCT_BUNDLE_IDENTIFIER = com.tvbox.yingxia.mac;
				SDKROOT = macosx;
			};
			name = Debug;
		};
/* End XCBuildConfiguration section */

/* Begin XCConfigurationList section */
		0BB5F74B671DBF3C74C5C02E /* Build configuration list for PBXProject "TVBox" */ = {
			isa = XCConfigurationList;
			buildConfigurations = (
				335F9F0CE5B41C3830EBD4E1 /* Debug */,
				C612EA0D9437F6A8C12E3650 /* Release */,
			);
			defaultConfigurationIsVisible = 0;
			defaultConfigurationName = Debug;
		};
		429EE12CD839980B47636EAD /* Build configuration list for PBXNativeTarget "TVBox-macOS" */ = {
			isa = XCConfigurationList;
			buildConfigurations = (
				CC3F947A7794B6B05E70ED1C /* Debug */,
				3744646BA40C2CCC4F0A6B10 /* Release */,
			);
			defaultConfigurationIsVisible = 0;
			defaultConfigurationName = Debug;
		};
		69187C92E06B41B0817552F3 /* Build configuration list for PBXNativeTarget "TVBox-iOS" */ = {
			isa = XCConfigurationList;
			buildConfigurations = (
				BDD2771C76E4A3E49C6AEE83 /* Debug */,
				39CA71D8868462F83CED9EFC /* Release */,
			);
			defaultConfigurationIsVisible = 0;
			defaultConfigurationName = Debug;
		};
		DAA4895E5FBCBEE93E8522D9 /* Build configuration list for PBXNativeTarget "TVBox-tvOS" */ = {
			isa = XCConfigurationList;
			buildConfigurations = (
				C348D5C80B7414FA5F7188F6 /* Debug */,
				B09E2F4671C26C5348438017 /* Release */,
			);
			defaultConfigurationIsVisible = 0;
			defaultConfigurationName = Debug;
		};
/* End XCConfigurationList section */

/* Begin XCLocalSwiftPackageReference section */
		D7245A415BE68C715CD1A007 /* XCLocalSwiftPackageReference "." */ = {
			isa = XCLocalSwiftPackageReference;
			relativePath = .;
		};
/* End XCLocalSwiftPackageReference section */

/* Begin XCSwiftPackageProductDependency section */
		150E7485ED76FF29A84D7C1D /* TVCore */ = {
			isa = XCSwiftPackageProductDependency;
			productName = TVCore;
		};
		758A0D5359D0622060D86C20 /* TVCore */ = {
			isa = XCSwiftPackageProductDependency;
			productName = TVCore;
		};
		A72103001ACB22093291D051 /* TVCore */ = {
			isa = XCSwiftPackageProductDependency;
			productName = TVCore;
		};
/* End XCSwiftPackageProductDependency section */
	};
	rootObject = CFEC74A6A80F6E5419CA6A6B /* Project object */;
}
